
Microsoft Visual Studio Solution File, Format Version 12.00
# Visual Studio Version 17
VisualStudioVersion = 17.9.34723.18
MinimumVisualStudioVersion = 10.0.40219.1
Project("{FAE04EC0-301F-11D3-BF4B-00C04F79EFBC}") = "AcrylicFixBackground-WPF", "AcrylicFixBackground-WPF\AcrylicFixBackground-WPF.csproj", "{BB677B53-214C-4067-8067-1C2254C4E700}"
EndProject
Global
	GlobalSection(SolutionConfigurationPlatforms) = preSolution
		Debug|Any CPU = Debug|Any CPU
		Release|Any CPU = Release|Any CPU
	EndGlobalSection
	GlobalSection(ProjectConfigurationPlatforms) = postSolution
		{BB677B53-214C-4067-8067-1C2254C4E700}.Debug|Any CPU.ActiveCfg = Debug|Any CPU
		{BB677B53-214C-4067-8067-1C2254C4E700}.Debug|Any CPU.Build.0 = Debug|Any CPU
		{BB677B53-214C-4067-8067-1C2254C4E700}.Release|Any CPU.ActiveCfg = Release|Any CPU
		{BB677B53-214C-4067-8067-1C2254C4E700}.Release|Any CPU.Build.0 = Release|Any CPU
	EndGlobalSection
	GlobalSection(SolutionProperties) = preSolution
		HideSolutionNode = FALSE
	EndGlobalSection
	GlobalSection(ExtensibilityGlobals) = postSolution
		SolutionGuid = {1213F35E-0D40-411E-902C-104230E8237C}
	EndGlobalSection
EndGlobal
